// !$*UTF8*$!
{
	archiveVersion = 1;
	classes = {
	};
	objectVersion = 56;
	objects = {

/* Begin PBXBuildFile section */
		3FEBAE4C2B5627EA003E11D8 /* AppDelegate.swift in Sources */ = {isa = PBXBuildFile; fileRef = 3FEBAE4B2B5627EA003E11D8 /* AppDelegate.swift */; };
		3FEBAE4E2B5627EA003E11D8 /* SceneDelegate.swift in Sources */ = {isa = PBXBuildFile; fileRef = 3FEBAE4D2B5627EA003E11D8 /* SceneDelegate.swift */; };
		3FEBAE502B5627EA003E11D8 /* ViewController.swift in Sources */ = {isa = PBXBuildFile; fileRef = 3FEBAE4F2B5627EA003E11D8 /* ViewController.swift */; };
		3FEBAE532B5627EA003E11D8 /* Main.storyboard in Resources */ = {isa = PBXBuildFile; fileRef = 3FEBAE512B5627EA003E11D8 /* Main.storyboard */; };
		3FEBAE552B5627EB003E11D8 /* Assets.xcassets in Resources */ = {isa = PBXBuildFile; fileRef = 3FEBAE542B5627EB003E11D8 /* Assets.xcassets */; };
		3FEBAE582B5627EB003E11D8 /* LaunchScreen.storyboard in Resources */ = {isa = PBXBuildFile; fileRef = 3FEBAE562B5627EB003E11D8 /* LaunchScreen.storyboard */; };
		3FEBAE632B5627EB003E11D8 /* SegmentedControlTests.swift in Sources */ = {isa = PBXBuildFile; fileRef = 3FEBAE622B5627EB003E11D8 /* SegmentedControlTests.swift */; };
		3FEBAE6D2B5627EB003E11D8 /* SegmentedControlUITests.swift in Sources */ = {isa = PBXBuildFile; fileRef = 3FEBAE6C2B5627EB003E11D8 /* SegmentedControlUITests.swift */; };
		3FEBAE6F2B5627EB003E11D8 /* SegmentedControlUITestsLaunchTests.swift in Sources */ = {isa = PBXBuildFile; fileRef = 3FEBAE6E2B5627EB003E11D8 /* SegmentedControlUITestsLaunchTests.swift */; };
/* End PBXBuildFile section */

/* Begin PBXContainerItemProxy section */
		3FEBAE5F2B5627EB003E11D8 /* PBXContainerItemProxy */ = {
			isa = PBXContainerItemProxy;
			containerPortal = 3FEBAE402B5627EA003E11D8 /* Project object */;
			proxyType = 1;
			remoteGlobalIDString = 3FEBAE472B5627EA003E11D8;
			remoteInfo = SegmentedControl;
		};
		3FEBAE692B5627EB003E11D8 /* PBXContainerItemProxy */ = {
			isa = PBXContainerItemProxy;
			containerPortal = 3FEBAE402B5627EA003E11D8 /* Project object */;
			proxyType = 1;
			remoteGlobalIDString = 3FEBAE472B5627EA003E11D8;
			remoteInfo = SegmentedControl;
		};
/* End PBXContainerItemProxy section */

/* Begin PBXFileReference section */
		3FEBAE482B5627EA003E11D8 /* SegmentedControl.app */ = {isa = PBXFileReference; explicitFileType = wrapper.application; includeInIndex = 0; path = SegmentedControl.app; sourceTree = BUILT_PRODUCTS_DIR; };
		3FEBAE4B2B5627EA003E11D8 /* AppDelegate.swift */ = {isa = PBXFileReference; lastKnownFileType = sourcecode.swift; path = AppDelegate.swift; sourceTree = "<group>"; };
		3FEBAE4D2B5627EA003E11D8 /* SceneDelegate.swift */ = {isa = PBXFileReference; lastKnownFileType = sourcecode.swift; path = SceneDelegate.swift; sourceTree = "<group>"; };
		3FEBAE4F2B5627EA003E11D8 /* ViewController.swift */ = {isa = PBXFileReference; lastKnownFileType = sourcecode.swift; path = ViewController.swift; sourceTree = "<group>"; };
		3FEBAE522B5627EA003E11D8 /* Base */ = {isa = PBXFileReference; lastKnownFileType = file.storyboard; name = Base; path = Base.lproj/Main.storyboard; sourceTree = "<group>"; };
		3FEBAE542B5627EB003E11D8 /* Assets.xcassets */ = {isa = PBXFileReference; lastKnownFileType = folder.assetcatalog; path = Assets.xcassets; sourceTree = "<group>"; };
		3FEBAE572B5627EB003E11D8 /* Base */ = {isa = PBXFileReference; lastKnownFileType = file.storyboard; name = Base; path = Base.lproj/LaunchScreen.storyboard; sourceTree = "<group>"; };
		3FEBAE592B5627EB003E11D8 /* Info.plist */ = {isa = PBXFileReference; lastKnownFileType = text.plist.xml; path = Info.plist; sourceTree = "<group>"; };
		3FEBAE5E2B5627EB003E11D8 /* SegmentedControlTests.xctest */ = {isa = PBXFileReference; explicitFileType = wrapper.cfbundle; includeInIndex = 0; path = SegmentedControlTests.xctest; sourceTree = BUILT_PRODUCTS_DIR; };
		3FEBAE622B5627EB003E11D8 /* SegmentedControlTests.swift */ = {isa = PBXFileReference; lastKnownFileType = sourcecode.swift; path = SegmentedControlTests.swift; sourceTree = "<group>"; };
		3FEBAE682B5627EB003E11D8 /* SegmentedControlUITests.xctest */ = {isa = PBXFileReference; explicitFileType = wrapper.cfbundle; includeInIndex = 0; path = SegmentedControlUITests.xctest; sourceTree = BUILT_PRODUCTS_DIR; };
		3FEBAE6C2B5627EB003E11D8 /* SegmentedControlUITests.swift */ = {isa = PBXFileReference; lastKnownFileType = sourcecode.swift; path = SegmentedControlUITests.swift; sourceTree = "<group>"; };
		3FEBAE6E2B5627EB003E11D8 /* SegmentedControlUITestsLaunchTests.swift */ = {isa = PBXFileReference; lastKnownFileType = sourcecode.swift; path = SegmentedControlUITestsLaunchTests.swift; sourceTree = "<group>"; };
/* End PBXFileReference section */

/* Begin PBXFrameworksBuildPhase section */
		3FEBAE452B5627EA003E11D8 /* Frameworks */ = {
			isa = PBXFrameworksBuildPhase;
			buildActionMask = 2147483647;
			files = (
			);
			runOnlyForDeploymentPostprocessing = 0;
		};
		3FEBAE5B2B5627EB003E11D8 /* Frameworks */ = {
			isa = PBXFrameworksBuildPhase;
			buildActionMask = 2147483647;
			files = (
			);
			runOnlyForDeploymentPostprocessing = 0;
		};
		3FEBAE652B5627EB003E11D8 /* Frameworks */ = {
			isa = PBXFrameworksBuildPhase;
			buildActionMask = 2147483647;
			files = (
			);
			runOnlyForDeploymentPostprocessing = 0;
		};
/* End PBXFrameworksBuildPhase section */

/* Begin PBXGroup section */
		3FEBAE3F2B5627EA003E11D8 = {
			isa = PBXGroup;
			children = (
				3FEBAE4A2B5627EA003E11D8 /* SegmentedControl */,
				3FEBAE612B5627EB003E11D8 /* SegmentedControlTests */,
				3FEBAE6B2B5627EB003E11D8 /* SegmentedControlUITests */,
				3FEBAE492B5627EA003E11D8 /* Products */,
			);
			sourceTree = "<group>";
		};
		3FEBAE492B5627EA003E11D8 /* Products */ = {
			isa = PBXGroup;
			children = (
				3FEBAE482B5627EA003E11D8 /* SegmentedControl.app */,
				3FEBAE5E2B5627EB003E11D8 /* SegmentedControlTests.xctest */,
				3FEBAE682B5627EB003E11D8 /* SegmentedControlUITests.xctest */,
			);
			name = Products;
			sourceTree = "<group>";
		};
		3FEBAE4A2B5627EA003E11D8 /* SegmentedControl */ = {
			isa = PBXGroup;
			children = (
				3FEBAE4B2B5627EA003E11D8 /* AppDelegate.swift */,
				3FEBAE4D2B5627EA003E11D8 /* SceneDelegate.swift */,
				3FEBAE4F2B5627EA003E11D8 /* ViewController.swift */,
				3FEBAE512B5627EA003E11D8 /* Main.storyboard */,
				3FEBAE542B5627EB003E11D8 /* Assets.xcassets */,
				3FEBAE562B5627EB003E11D8 /* LaunchScreen.storyboard */,
				3FEBAE592B5627EB003E11D8 /* Info.plist */,
			);
			path = SegmentedControl;
			sourceTree = "<group>";
		};
		3FEBAE612B5627EB003E11D8 /* SegmentedControlTests */ = {
			isa = PBXGroup;
			children = (
				3FEBAE622B5627EB003E11D8 /* SegmentedControlTests.swift */,
			);
			path = SegmentedControlTests;
			sourceTree = "<group>";
		};
		3FEBAE6B2B5627EB003E11D8 /* SegmentedControlUITests */ = {
			isa = PBXGroup;
			children = (
				3FEBAE6C2B5627EB003E11D8 /* SegmentedControlUITests.swift */,
				3FEBAE6E2B5627EB003E11D8 /* SegmentedControlUITestsLaunchTests.swift */,
			);
			path = SegmentedControlUITests;
			sourceTree = "<group>";
		};
/* End PBXGroup section */

/* Begin PBXNativeTarget section */
		3FEBAE472B5627EA003E11D8 /* SegmentedControl */ = {
			isa = PBXNativeTarget;
			buildConfigurationList = 3FEBAE722B5627EC003E11D8 /* Build configuration list for PBXNativeTarget "SegmentedControl" */;
			buildPhases = (
				3FEBAE442B5627EA003E11D8 /* Sources */,
				3FEBAE452B5627EA003E11D8 /* Frameworks */,
				3FEBAE462B5627EA003E11D8 /* Resources */,
			);
			buildRules = (
			);
			dependencies = (
			);
			name = SegmentedControl;
			productName = SegmentedControl;
			productReference = 3FEBAE482B5627EA003E11D8 /* SegmentedControl.app */;
			productType = "com.apple.product-type.application";
		};
		3FEBAE5D2B5627EB003E11D8 /* SegmentedControlTests */ = {
			isa = PBXNativeTarget;
			buildConfigurationList = 3FEBAE752B5627EC003E11D8 /* Build configuration list for PBXNativeTarget "SegmentedControlTests" */;
			buildPhases = (
				3FEBAE5A2B5627EB003E11D8 /* Sources */,
				3FEBAE5B2B5627EB003E11D8 /* Frameworks */,
				3FEBAE5C2B5627EB003E11D8 /* Resources */,
			);
			buildRules = (
			);
			dependencies = (
				3FEBAE602B5627EB003E11D8 /* PBXTargetDependency */,
			);
			name = SegmentedControlTests;
			productName = SegmentedControlTests;
			productReference = 3FEBAE5E2B5627EB003E11D8 /* SegmentedControlTests.xctest */;
			productType = "com.apple.product-type.bundle.unit-test";
		};
		3FEBAE672B5627EB003E11D8 /* SegmentedControlUITests */ = {
			isa = PBXNativeTarget;
			buildConfigurationList = 3FEBAE782B5627EC003E11D8 /* Build configuration list for PBXNativeTarget "SegmentedControlUITests" */;
			buildPhases = (
				3FEBAE642B5627EB003E11D8 /* Sources */,
				3FEBAE652B5627EB003E11D8 /* Frameworks */,
				3FEBAE662B5627EB003E11D8 /* Resources */,
			);
			buildRules = (
			);
			dependencies = (
				3FEBAE6A2B5627EB003E11D8 /* PBXTargetDependency */,
			);
			name = SegmentedControlUITests;
			productName = SegmentedControlUITests;
			productReference = 3FEBAE682B5627EB003E11D8 /* SegmentedControlUITests.xctest */;
			productType = "com.apple.product-type.bundle.ui-testing";
		};
/* End PBXNativeTarget section */

/* Begin PBXProject section */
		3FEBAE402B5627EA003E11D8 /* Project object */ = {
			isa = PBXProject;
			attributes = {
				BuildIndependentTargetsInParallel = 1;
				LastSwiftUpdateCheck = 1510;
				LastUpgradeCheck = 1510;
				TargetAttributes = {
					3FEBAE472B5627EA003E11D8 = {
						CreatedOnToolsVersion = 15.1;
					};
					3FEBAE5D2B5627EB003E11D8 = {
						CreatedOnToolsVersion = 15.1;
						TestTargetID = 3FEBAE472B5627EA003E11D8;
					};
					3FEBAE672B5627EB003E11D8 = {
						CreatedOnToolsVersion = 15.1;
						TestTargetID = 3FEBAE472B5627EA003E11D8;
					};
				};
			};
			buildConfigurationList = 3FEBAE432B5627EA003E11D8 /* Build configuration list for PBXProject "SegmentedControl" */;
			compatibilityVersion = "Xcode 14.0";
			developmentRegion = en;
			hasScannedForEncodings = 0;
			knownRegions = (
				en,
				Base,
			);
			mainGroup = 3FEBAE3F2B5627EA003E11D8;
			productRefGroup = 3FEBAE492B5627EA003E11D8 /* Products */;
			projectDirPath = "";
			projectRoot = "";
			targets = (
				3FEBAE472B5627EA003E11D8 /* SegmentedControl */,
				3FEBAE5D2B5627EB003E11D8 /* SegmentedControlTests */,
				3FEBAE672B5627EB003E11D8 /* SegmentedControlUITests */,
			);
		};
/* End PBXProject section */

/* Begin PBXResourcesBuildPhase section */
		3FEBAE462B5627EA003E11D8 /* Resources */ = {
			isa = PBXResourcesBuildPhase;
			buildActionMask = 2147483647;
			files = (
				3FEBAE582B5627EB003E11D8 /* LaunchScreen.storyboard in Resources */,
				3FEBAE552B5627EB003E11D8 /* Assets.xcassets in Resources */,
				3FEBAE532B5627EA003E11D8 /* Main.storyboard in Resources */,
			);
			runOnlyForDeploymentPostprocessing = 0;
		};
		3FEBAE5C2B5627EB003E11D8 /* Resources */ = {
			isa = PBXResourcesBuildPhase;
			buildActionMask = 2147483647;
			files = (
			);
			runOnlyForDeploymentPostprocessing = 0;
		};
		3FEBAE662B5627EB003E11D8 /* Resources */ = {
			isa = PBXResourcesBuildPhase;
			buildActionMask = 2147483647;
			files = (
			);
			runOnlyForDeploymentPostprocessing = 0;
		};
/* End PBXResourcesBuildPhase section */

/* Begin PBXSourcesBuildPhase section */
		3FEBAE442B5627EA003E11D8 /* Sources */ = {
			isa = PBXSourcesBuildPhase;
			buildActionMask = 2147483647;
			files = (
				3FEBAE502B5627EA003E11D8 /* ViewController.swift in Sources */,
				3FEBAE4C2B5627EA003E11D8 /* AppDelegate.swift in Sources */,
				3FEBAE4E2B5627EA003E11D8 /* SceneDelegate.swift in Sources */,
			);
			runOnlyForDeploymentPostprocessing = 0;
		};
		3FEBAE5A2B5627EB003E11D8 /* Sources */ = {
			isa = PBXSourcesBuildPhase;
			buildActionMask = 2147483647;
			files = (
				3FEBAE632B5627EB003E11D8 /* SegmentedControlTests.swift in Sources */,
			);
			runOnlyForDeploymentPostprocessing = 0;
		};
		3FEBAE642B5627EB003E11D8 /* Sources */ = {
			isa = PBXSourcesBuildPhase;
			buildActionMask = 2147483647;
			files = (
				3FEBAE6D2B5627EB003E11D8 /* SegmentedControlUITests.swift in Sources */,
				3FEBAE6F2B5627EB003E11D8 /* SegmentedControlUITestsLaunchTests.swift in Sources */,
			);
			runOnlyForDeploymentPostprocessing = 0;
		};
/* End PBXSourcesBuildPhase section */

/* Begin PBXTargetDependency section */
		3FEBAE602B5627EB003E11D8 /* PBXTargetDependency */ = {
			isa = PBXTargetDependency;
			target = 3FEBAE472B5627EA003E11D8 /* SegmentedControl */;
			targetProxy = 3FEBAE5F2B5627EB003E11D8 /* PBXContainerItemProxy */;
		};
		3FEBAE6A2B5627EB003E11D8 /* PBXTargetDependency */ = {
			isa = PBXTargetDependency;
			target = 3FEBAE472B5627EA003E11D8 /* SegmentedControl */;
			targetProxy = 3FEBAE692B5627EB003E11D8 /* PBXContainerItemProxy */;
		};
/* End PBXTargetDependency section */

/* Begin PBXVariantGroup section */
		3FEBAE512B5627EA003E11D8 /* Main.storyboard */ = {
			isa = PBXVariantGroup;
			children = (
				3FEBAE522B5627EA003E11D8 /* Base */,
			);
			name = Main.storyboard;
			sourceTree = "<group>";
		};
		3FEBAE562B5627EB003E11D8 /* LaunchScreen.storyboard */ = {
			isa = PBXVariantGroup;
			children = (
				3FEBAE572B5627EB003E11D8 /* Base */,
			);
			name = LaunchScreen.storyboard;
			sourceTree = "<group>";
		};
/* End PBXVariantGroup section */

/* Begin XCBuildConfiguration section */
		3FEBAE702B5627EC003E11D8 /* Debug */ = {
			isa = XCBuildConfiguration;
			buildSettings = {
				ALWAYS_SEARCH_USER_PATHS = NO;
				ASSETCATALOG_COMPILER_GENERATE_SWIFT_ASSET_SYMBOL_EXTENSIONS = YES;
				CLANG_ANALYZER_NONNULL = YES;
				CLANG_ANALYZER_NUMBER_OBJECT_CONVERSION = YES_AGGRESSIVE;
				CLANG_CXX_LANGUAGE_STANDARD = "gnu++20";
				CLANG_ENABLE_MODULES = YES;
				CLANG_ENABLE_OBJC_ARC = YES;
				CLANG_ENABLE_OBJC_WEAK = YES;
				CLANG_WARN_BLOCK_CAPTURE_AUTORELEASING = YES;
				CLANG_WARN_BOOL_CONVERSION = YES;
				CLANG_WARN_COMMA = YES;
				CLANG_WARN_CONSTANT_CONVERSION = YES;
				CLANG_WARN_DEPRECATED_OBJC_IMPLEMENTATIONS = YES;
				CLANG_WARN_DIRECT_OBJC_ISA_USAGE = YES_ERROR;
				CLANG_WARN_DOCUMENTATION_COMMENTS = YES;
				CLANG_WARN_EMPTY_BODY = YES;
				CLANG_WARN_ENUM_CONVERSION = YES;
				CLANG_WARN_INFINITE_RECURSION = YES;
				CLANG_WARN_INT_CONVERSION = YES;
				CLANG_WARN_NON_LITERAL_NULL_CONVERSION = YES;
				CLANG_WARN_OBJC_IMPLICIT_RETAIN_SELF = YES;
				CLANG_WARN_OBJC_LITERAL_CONVERSION = YES;
				CLANG_WARN_OBJC_ROOT_CLASS = YES_ERROR;
				CLANG_WARN_QUOTED_INCLUDE_IN_FRAMEWORK_HEADER = YES;
				CLANG_WARN_RANGE_LOOP_ANALYSIS = YES;
				CLANG_WARN_STRICT_PROTOTYPES = YES;
				CLANG_WARN_SUSPICIOUS_MOVE = YES;
				CLANG_WARN_UNGUARDED_AVAILABILITY = YES_AGGRESSIVE;
				CLANG_WARN_UNREACHABLE_CODE = YES;
				CLANG_WARN__DUPLICATE_METHOD_MATCH = YES;
				COPY_PHASE_STRIP = NO;
				DEBUG_INFORMATION_FORMAT = dwarf;
				ENABLE_STRICT_OBJC_MSGSEND = YES;
				ENABLE_TESTABILITY = YES;
				ENABLE_USER_SCRIPT_SANDBOXING = YES;
				GCC_C_LANGUAGE_STANDARD = gnu17;
				GCC_DYNAMIC_NO_PIC = NO;
				GCC_NO_COMMON_BLOCKS = YES;
				GCC_OPTIMIZATION_LEVEL = 0;
				GCC_PREPROCESSOR_DEFINITIONS = (
					"DEBUG=1",
					"$(inherited)",
				);
				GCC_WARN_64_TO_32_BIT_CONVERSION = YES;
				GCC_WARN_ABOUT_RETURN_TYPE = YES_ERROR;
				GCC_WARN_UNDECLARED_SELECTOR = YES;
				GCC_WARN_UNINITIALIZED_AUTOS = YES_AGGRESSIVE;
				GCC_WARN_UNUSED_FUNCTION = YES;
				GCC_WARN_UNUSED_VARIABLE = YES;
				IPHONEOS_DEPLOYMENT_TARGET = 17.2;
				LOCALIZATION_PREFERS_STRING_CATALOGS = YES;
				MTL_ENABLE_DEBUG_INFO = INCLUDE_SOURCE;
				MTL_FAST_MATH = YES;
				ONLY_ACTIVE_ARCH = YES;
				SDKROOT = iphoneos;
				SWIFT_ACTIVE_COMPILATION_CONDITIONS = "DEBUG $(inherited)";
				SWIFT_OPTIMIZATION_LEVEL = "-Onone";
			};
			name = Debug;
		};
		3FEBAE712B5627EC003E11D8 /* Release */ = {
			isa = XCBuildConfiguration;
			buildSettings = {
				ALWAYS_SEARCH_USER_PATHS = NO;
				ASSETCATALOG_COMPILER_GENERATE_SWIFT_ASSET_SYMBOL_EXTENSIONS = YES;
				CLANG_ANALYZER_NONNULL = YES;
				CLANG_ANALYZER_NUMBER_OBJECT_CONVERSION = YES_AGGRESSIVE;
				CLANG_CXX_LANGUAGE_STANDARD = "gnu++20";
				CLANG_ENABLE_MODULES = YES;
				CLANG_ENABLE_OBJC_ARC = YES;
				CLANG_ENABLE_OBJC_WEAK = YES;
				CLANG_WARN_BLOCK_CAPTURE_AUTORELEASING = YES;
				CLANG_WARN_BOOL_CONVERSION = YES;
				CLANG_WARN_COMMA = YES;
				CLANG_WARN_CONSTANT_CONVERSION = YES;
				CLANG_WARN_DEPRECATED_OBJC_IMPLEMENTATIONS = YES;
				CLANG_WARN_DIRECT_OBJC_ISA_USAGE = YES_ERROR;
				CLANG_WARN_DOCUMENTATION_COMMENTS = YES;
				CLANG_WARN_EMPTY_BODY = YES;
				CLANG_WARN_ENUM_CONVERSION = YES;
				CLANG_WARN_INFINITE_RECURSION = YES;
				CLANG_WARN_INT_CONVERSION = YES;
				CLANG_WARN_NON_LITERAL_NULL_CONVERSION = YES;
				CLANG_WARN_OBJC_IMPLICIT_RETAIN_SELF = YES;
				CLANG_WARN_OBJC_LITERAL_CONVERSION = YES;
				CLANG_WARN_OBJC_ROOT_CLASS = YES_ERROR;
				CLANG_WARN_QUOTED_INCLUDE_IN_FRAMEWORK_HEADER = YES;
				CLANG_WARN_RANGE_LOOP_ANALYSIS = YES;
				CLANG_WARN_STRICT_PROTOTYPES = YES;
				CLANG_WARN_SUSPICIOUS_MOVE = YES;
				CLANG_WARN_UNGUARDED_AVAILABILITY = YES_AGGRESSIVE;
				CLANG_WARN_UNREACHABLE_CODE = YES;
				CLANG_WARN__DUPLICATE_METHOD_MATCH = YES;
				COPY_PHASE_STRIP = NO;
				DEBUG_INFORMATION_FORMAT = "dwarf-with-dsym";
				ENABLE_NS_ASSERTIONS = NO;
				ENABLE_STRICT_OBJC_MSGSEND = YES;
				ENABLE_USER_SCRIPT_SANDBOXING = YES;
				GCC_C_LANGUAGE_STANDARD = gnu17;
				GCC_NO_COMMON_BLOCKS = YES;
				GCC_WARN_64_TO_32_BIT_CONVERSION = YES;
				GCC_WARN_ABOUT_RETURN_TYPE = YES_ERROR;
				GCC_WARN_UNDECLARED_SELECTOR = YES;
				GCC_WARN_UNINITIALIZED_AUTOS = YES_AGGRESSIVE;
				GCC_WARN_UNUSED_FUNCTION = YES;
				GCC_WARN_UNUSED_VARIABLE = YES;
				IPHONEOS_DEPLOYMENT_TARGET = 17.2;
				LOCALIZATION_PREFERS_STRING_CATALOGS = YES;
				MTL_ENABLE_DEBUG_INFO = NO;
				MTL_FAST_MATH = YES;
				SDKROOT = iphoneos;
				SWIFT_COMPILATION_MODE = wholemodule;
				VALIDATE_PRODUCT = YES;
			};
			name = Release;
		};
		3FEBAE732B5627EC003E11D8 /* Debug */ = {
			isa = XCBuildConfiguration;
			buildSettings = {
				ASSETCATALOG_COMPILER_APPICON_NAME = AppIcon;
				ASSETCATALOG_COMPILER_GLOBAL_ACCENT_COLOR_NAME = AccentColor;
				CODE_SIGN_STYLE = Automatic;
				CURRENT_PROJECT_VERSION = 1;
				GENERATE_INFOPLIST_FILE = YES;
				INFOPLIST_FILE = SegmentedControl/Info.plist;
				INFOPLIST_KEY_UIApplicationSupportsIndirectInputEvents = YES;
				INFOPLIST_KEY_UILaunchStoryboardName = LaunchScreen;
				INFOPLIST_KEY_UIMainStoryboardFile = Main;
				INFOPLIST_KEY_UISupportedInterfaceOrientations_iPad = "UIInterfaceOrientationPortrait UIInterfaceOrientationPortraitUpsideDown UIInterfaceOrientationLandscapeLeft UIInterfaceOrientationLandscapeRight";
				INFOPLIST_KEY_UISupportedInterfaceOrientations_iPhone = "UIInterfaceOrientationPortrait UIInterfaceOrientationLandscapeLeft UIInterfaceOrientationLandscapeRight";
				LD_RUNPATH_SEARCH_PATHS = (
					"$(inherited)",
					"@executable_path/Frameworks",
				);
				MARKETING_VERSION = 1.0;
				PRODUCT_BUNDLE_IDENTIFIER = com.example.SegmentedControl;
				PRODUCT_NAME = "$(TARGET_NAME)";
				SWIFT_EMIT_LOC_STRINGS = YES;
				SWIFT_VERSION = 5.0;
				TARGETED_DEVICE_FAMILY = "1,2";
			};
			name = Debug;
		};
		3FEBAE742B5627EC003E11D8 /* Release */ = {
			isa = XCBuildConfiguration;
			buildSettings = {
				ASSETCATALOG_COMPILER_APPICON_NAME = AppIcon;
				ASSETCATALOG_COMPILER_GLOBAL_ACCENT_COLOR_NAME = AccentColor;
				CODE_SIGN_STYLE = Automatic;
				CURRENT_PROJECT_VERSION = 1;
				GENERATE_INFOPLIST_FILE = YES;
				INFOPLIST_FILE = SegmentedControl/Info.plist;
				INFOPLIST_KEY_UIApplicationSupportsIndirectInputEvents = YES;
				INFOPLIST_KEY_UILaunchStoryboardName = LaunchScreen;
				INFOPLIST_KEY_UIMainStoryboardFile = Main;
				INFOPLIST_KEY_UISupportedInterfaceOrientations_iPad = "UIInterfaceOrientationPortrait UIInterfaceOrientationPortraitUpsideDown UIInterfaceOrientationLandscapeLeft UIInterfaceOrientationLandscapeRight";
				INFOPLIST_KEY_UISupportedInterfaceOrientations_iPhone = "UIInterfaceOrientationPortrait UIInterfaceOrientationLandscapeLeft UIInterfaceOrientationLandscapeRight";
				LD_RUNPATH_SEARCH_PATHS = (
					"$(inherited)",
					"@executable_path/Frameworks",
				);
				MARKETING_VERSION = 1.0;
				PRODUCT_BUNDLE_IDENTIFIER = com.example.SegmentedControl;
				PRODUCT_NAME = "$(TARGET_NAME)";
				SWIFT_EMIT_LOC_STRINGS = YES;
				SWIFT_VERSION = 5.0;
				TARGETED_DEVICE_FAMILY = "1,2";
			};
			name = Release;
		};
		3FEBAE762B5627EC003E11D8 /* Debug */ = {
			isa = XCBuildConfiguration;
			buildSettings = {
				ALWAYS_EMBED_SWIFT_STANDARD_LIBRARIES = YES;
				BUNDLE_LOADER = "$(TEST_HOST)";
				CODE_SIGN_STYLE = Automatic;
				CURRENT_PROJECT_VERSION = 1;
				GENERATE_INFOPLIST_FILE = YES;
				IPHONEOS_DEPLOYMENT_TARGET = 17.2;
				MARKETING_VERSION = 1.0;
				PRODUCT_BUNDLE_IDENTIFIER = com.example.SegmentedControlTests;
				PRODUCT_NAME = "$(TARGET_NAME)";
				SWIFT_EMIT_LOC_STRINGS = NO;
				SWIFT_VERSION = 5.0;
				TARGETED_DEVICE_FAMILY = "1,2";
				TEST_HOST = "$(BUILT_PRODUCTS_DIR)/SegmentedControl.app/$(BUNDLE_EXECUTABLE_FOLDER_PATH)/SegmentedControl";
			};
			name = Debug;
		};
		3FEBAE772B5627EC003E11D8 /* Release */ = {
			isa = XCBuildConfiguration;
			buildSettings = {
				ALWAYS_EMBED_SWIFT_STANDARD_LIBRARIES = YES;
				BUNDLE_LOADER = "$(TEST_HOST)";
				CODE_SIGN_STYLE = Automatic;
				CURRENT_PROJECT_VERSION = 1;
				GENERATE_INFOPLIST_FILE = YES;
				IPHONEOS_DEPLOYMENT_TARGET = 17.2;
				MARKETING_VERSION = 1.0;
				PRODUCT_BUNDLE_IDENTIFIER = com.example.SegmentedControlTests;
				PRODUCT_NAME = "$(TARGET_NAME)";
				SWIFT_EMIT_LOC_STRINGS = NO;
				SWIFT_VERSION = 5.0;
				TARGETED_DEVICE_FAMILY = "1,2";
				TEST_HOST = "$(BUILT_PRODUCTS_DIR)/SegmentedControl.app/$(BUNDLE_EXECUTABLE_FOLDER_PATH)/SegmentedControl";
			};
			name = Release;
		};
		3FEBAE792B5627EC003E11D8 /* Debug */ = {
			isa = XCBuildConfiguration;
			buildSettings = {
				ALWAYS_EMBED_SWIFT_STANDARD_LIBRARIES = YES;
				CODE_SIGN_STYLE = Automatic;
				CURRENT_PROJECT_VERSION = 1;
				GENERATE_INFOPLIST_FILE = YES;
				MARKETING_VERSION = 1.0;
				PRODUCT_BUNDLE_IDENTIFIER = com.example.SegmentedControlUITests;
				PRODUCT_NAME = "$(TARGET_NAME)";
				SWIFT_EMIT_LOC_STRINGS = NO;
				SWIFT_VERSION = 5.0;
				TARGETED_DEVICE_FAMILY = "1,2";
				TEST_TARGET_NAME = SegmentedControl;
			};
			name = Debug;
		};
		3FEBAE7A2B5627EC003E11D8 /* Release */ = {
			isa = XCBuildConfiguration;
			buildSettings = {
				ALWAYS_EMBED_SWIFT_STANDARD_LIBRARIES = YES;
				CODE_SIGN_STYLE = Automatic;
				CURRENT_PROJECT_VERSION = 1;
				GENERATE_INFOPLIST_FILE = YES;
				MARKETING_VERSION = 1.0;
				PRODUCT_BUNDLE_IDENTIFIER = com.example.SegmentedControlUITests;
				PRODUCT_NAME = "$(TARGET_NAME)";
				SWIFT_EMIT_LOC_STRINGS = NO;
				SWIFT_VERSION = 5.0;
				TARGETED_DEVICE_FAMILY = "1,2";
				TEST_TARGET_NAME = SegmentedControl;
			};
			name = Release;
		};
/* End XCBuildConfiguration section */

/* Begin XCConfigurationList section */
		3FEBAE432B5627EA003E11D8 /* Build configuration list for PBXProject "SegmentedControl" */ = {
			isa = XCConfigurationList;
			buildConfigurations = (
				3FEBAE702B5627EC003E11D8 /* Debug */,
				3FEBAE712B5627EC003E11D8 /* Release */,
			);
			defaultConfigurationIsVisible = 0;
			defaultConfigurationName = Release;
		};
		3FEBAE722B5627EC003E11D8 /* Build configuration list for PBXNativeTarget "SegmentedControl" */ = {
			isa = XCConfigurationList;
			buildConfigurations = (
				3FEBAE732B5627EC003E11D8 /* Debug */,
				3FEBAE742B5627EC003E11D8 /* Release */,
			);
			defaultConfigurationIsVisible = 0;
			defaultConfigurationName = Release;
		};
		3FEBAE752B5627EC003E11D8 /* Build configuration list for PBXNativeTarget "SegmentedControlTests" */ = {
			isa = XCConfigurationList;
			buildConfigurations = (
				3FEBAE762B5627EC003E11D8 /* Debug */,
				3FEBAE772B5627EC003E11D8 /* Release */,
			);
			defaultConfigurationIsVisible = 0;
			defaultConfigurationName = Release;
		};
		3FEBAE782B5627EC003E11D8 /* Build configuration list for PBXNativeTarget "SegmentedControlUITests" */ = {
			isa = XCConfigurationList;
			buildConfigurations = (
				3FEBAE792B5627EC003E11D8 /* Debug */,
				3FEBAE7A2B5627EC003E11D8 /* Release */,
			);
			defaultConfigurationIsVisible = 0;
			defaultConfigurationName = Release;
		};
/* End XCConfigurationList section */
	};
	rootObject = 3FEBAE402B5627EA003E11D8 /* Project object */;
}
