// !$*UTF8*$!
{
	archiveVersion = 1;
	classes = {
	};
	objectVersion = 56;
	objects = {

/* Begin PBXBuildFile section */
		3F7FB9542B73526C004A8150 /* DetailViewController.swift in Sources */ = {isa = PBXBuildFile; fileRef = 3F7FB9532B73526C004A8150 /* DetailViewController.swift */; };
		3F9FD6532B7324850031D227 /* ThirdViewController.swift in Sources */ = {isa = PBXBuildFile; fileRef = 3F9FD6522B7324850031D227 /* ThirdViewController.swift */; };
		3F9FD6572B732EDD0031D227 /* TableViewCell.swift in Sources */ = {isa = PBXBuildFile; fileRef = 3F9FD6562B732EDD0031D227 /* TableViewCell.swift */; };
		3F9FD6592B7332270031D227 /* DataModal.swift in Sources */ = {isa = PBXBuildFile; fileRef = 3F9FD6582B7332270031D227 /* DataModal.swift */; };
		3FDB46B92B60AB8A0095CF3B /* AppDelegate.swift in Sources */ = {isa = PBXBuildFile; fileRef = 3FDB46B82B60AB8A0095CF3B /* AppDelegate.swift */; };
		3FDB46BB2B60AB8A0095CF3B /* SceneDelegate.swift in Sources */ = {isa = PBXBuildFile; fileRef = 3FDB46BA2B60AB8A0095CF3B /* SceneDelegate.swift */; };
		3FDB46BD2B60AB8A0095CF3B /* ViewController.swift in Sources */ = {isa = PBXBuildFile; fileRef = 3FDB46BC2B60AB8A0095CF3B /* ViewController.swift */; };
		3FDB46C02B60AB8A0095CF3B /* Main.storyboard in Resources */ = {isa = PBXBuildFile; fileRef = 3FDB46BE2B60AB8A0095CF3B /* Main.storyboard */; };
		3FDB46C22B60AB8B0095CF3B /* Assets.xcassets in Resources */ = {isa = PBXBuildFile; fileRef = 3FDB46C12B60AB8B0095CF3B /* Assets.xcassets */; };
		3FDB46C52B60AB8B0095CF3B /* LaunchScreen.storyboard in Resources */ = {isa = PBXBuildFile; fileRef = 3FDB46C32B60AB8B0095CF3B /* LaunchScreen.storyboard */; };
		3FDB46D02B60AB8B0095CF3B /* navigationcontrollerTests.swift in Sources */ = {isa = PBXBuildFile; fileRef = 3FDB46CF2B60AB8B0095CF3B /* navigationcontrollerTests.swift */; };
		3FDB46DA2B60AB8B0095CF3B /* navigationcontrollerUITests.swift in Sources */ = {isa = PBXBuildFile; fileRef = 3FDB46D92B60AB8B0095CF3B /* navigationcontrollerUITests.swift */; };
		3FDB46DC2B60AB8B0095CF3B /* navigationcontrollerUITestsLaunchTests.swift in Sources */ = {isa = PBXBuildFile; fileRef = 3FDB46DB2B60AB8B0095CF3B /* navigationcontrollerUITestsLaunchTests.swift */; };
		3FDB46E92B60BBAC0095CF3B /* SecondViewController.swift in Sources */ = {isa = PBXBuildFile; fileRef = 3FDB46E82B60BBAC0095CF3B /* SecondViewController.swift */; };
/* End PBXBuildFile section */

/* Begin PBXContainerItemProxy section */
		3FDB46CC2B60AB8B0095CF3B /* PBXContainerItemProxy */ = {
			isa = PBXContainerItemProxy;
			containerPortal = 3FDB46AD2B60AB8A0095CF3B /* Project object */;
			proxyType = 1;
			remoteGlobalIDString = 3FDB46B42B60AB8A0095CF3B;
			remoteInfo = navigationcontroller;
		};
		3FDB46D62B60AB8B0095CF3B /* PBXContainerItemProxy */ = {
			isa = PBXContainerItemProxy;
			containerPortal = 3FDB46AD2B60AB8A0095CF3B /* Project object */;
			proxyType = 1;
			remoteGlobalIDString = 3FDB46B42B60AB8A0095CF3B;
			remoteInfo = navigationcontroller;
		};
/* End PBXContainerItemProxy section */

/* Begin PBXFileReference section */
		3F7FB9532B73526C004A8150 /* DetailViewController.swift */ = {isa = PBXFileReference; lastKnownFileType = sourcecode.swift; path = DetailViewController.swift; sourceTree = "<group>"; };
		3F9FD6522B7324850031D227 /* ThirdViewController.swift */ = {isa = PBXFileReference; lastKnownFileType = sourcecode.swift; path = ThirdViewController.swift; sourceTree = "<group>"; };
		3F9FD6562B732EDD0031D227 /* TableViewCell.swift */ = {isa = PBXFileReference; lastKnownFileType = sourcecode.swift; path = TableViewCell.swift; sourceTree = "<group>"; };
		3F9FD6582B7332270031D227 /* DataModal.swift */ = {isa = PBXFileReference; lastKnownFileType = sourcecode.swift; path = DataModal.swift; sourceTree = "<group>"; };
		3FDB46B52B60AB8A0095CF3B /* navigationcontroller.app */ = {isa = PBXFileReference; explicitFileType = wrapper.application; includeInIndex = 0; path = navigationcontroller.app; sourceTree = BUILT_PRODUCTS_DIR; };
		3FDB46B82B60AB8A0095CF3B /* AppDelegate.swift */ = {isa = PBXFileReference; lastKnownFileType = sourcecode.swift; path = AppDelegate.swift; sourceTree = "<group>"; };
		3FDB46BA2B60AB8A0095CF3B /* SceneDelegate.swift */ = {isa = PBXFileReference; lastKnownFileType = sourcecode.swift; path = SceneDelegate.swift; sourceTree = "<group>"; };
		3FDB46BC2B60AB8A0095CF3B /* ViewController.swift */ = {isa = PBXFileReference; lastKnownFileType = sourcecode.swift; path = ViewController.swift; sourceTree = "<group>"; };
		3FDB46BF2B60AB8A0095CF3B /* Base */ = {isa = PBXFileReference; lastKnownFileType = file.storyboard; name = Base; path = Base.lproj/Main.storyboard; sourceTree = "<group>"; };
		3FDB46C12B60AB8B0095CF3B /* Assets.xcassets */ = {isa = PBXFileReference; lastKnownFileType = folder.assetcatalog; path = Assets.xcassets; sourceTree = "<group>"; };
		3FDB46C42B60AB8B0095CF3B /* Base */ = {isa = PBXFileReference; lastKnownFileType = file.storyboard; name = Base; path = Base.lproj/LaunchScreen.storyboard; sourceTree = "<group>"; };
		3FDB46C62B60AB8B0095CF3B /* Info.plist */ = {isa = PBXFileReference; lastKnownFileType = text.plist.xml; path = Info.plist; sourceTree = "<group>"; };
		3FDB46CB2B60AB8B0095CF3B /* navigationcontrollerTests.xctest */ = {isa = PBXFileReference; explicitFileType = wrapper.cfbundle; includeInIndex = 0; path = navigationcontrollerTests.xctest; sourceTree = BUILT_PRODUCTS_DIR; };
		3FDB46CF2B60AB8B0095CF3B /* navigationcontrollerTests.swift */ = {isa = PBXFileReference; lastKnownFileType = sourcecode.swift; path = navigationcontrollerTests.swift; sourceTree = "<group>"; };
		3FDB46D52B60AB8B0095CF3B /* navigationcontrollerUITests.xctest */ = {isa = PBXFileReference; explicitFileType = wrapper.cfbundle; includeInIndex = 0; path = navigationcontrollerUITests.xctest; sourceTree = BUILT_PRODUCTS_DIR; };
		3FDB46D92B60AB8B0095CF3B /* navigationcontrollerUITests.swift */ = {isa = PBXFileReference; lastKnownFileType = sourcecode.swift; path = navigationcontrollerUITests.swift; sourceTree = "<group>"; };
		3FDB46DB2B60AB8B0095CF3B /* navigationcontrollerUITestsLaunchTests.swift */ = {isa = PBXFileReference; lastKnownFileType = sourcecode.swift; path = navigationcontrollerUITestsLaunchTests.swift; sourceTree = "<group>"; };
		3FDB46E82B60BBAC0095CF3B /* SecondViewController.swift */ = {isa = PBXFileReference; lastKnownFileType = sourcecode.swift; path = SecondViewController.swift; sourceTree = "<group>"; };
/* End PBXFileReference section */

/* Begin PBXFrameworksBuildPhase section */
		3FDB46B22B60AB8A0095CF3B /* Frameworks */ = {
			isa = PBXFrameworksBuildPhase;
			buildActionMask = 2147483647;
			files = (
			);
			runOnlyForDeploymentPostprocessing = 0;
		};
		3FDB46C82B60AB8B0095CF3B /* Frameworks */ = {
			isa = PBXFrameworksBuildPhase;
			buildActionMask = 2147483647;
			files = (
			);
			runOnlyForDeploymentPostprocessing = 0;
		};
		3FDB46D22B60AB8B0095CF3B /* Frameworks */ = {
			isa = PBXFrameworksBuildPhase;
			buildActionMask = 2147483647;
			files = (
			);
			runOnlyForDeploymentPostprocessing = 0;
		};
/* End PBXFrameworksBuildPhase section */

/* Begin PBXGroup section */
		3FDB46AC2B60AB8A0095CF3B = {
			isa = PBXGroup;
			children = (
				3F7FB9532B73526C004A8150 /* DetailViewController.swift */,
				3FDB46B72B60AB8A0095CF3B /* navigationcontroller */,
				3FDB46CE2B60AB8B0095CF3B /* navigationcontrollerTests */,
				3FDB46D82B60AB8B0095CF3B /* navigationcontrollerUITests */,
				3FDB46B62B60AB8A0095CF3B /* Products */,
			);
			sourceTree = "<group>";
		};
		3FDB46B62B60AB8A0095CF3B /* Products */ = {
			isa = PBXGroup;
			children = (
				3FDB46B52B60AB8A0095CF3B /* navigationcontroller.app */,
				3FDB46CB2B60AB8B0095CF3B /* navigationcontrollerTests.xctest */,
				3FDB46D52B60AB8B0095CF3B /* navigationcontrollerUITests.xctest */,
			);
			name = Products;
			sourceTree = "<group>";
		};
		3FDB46B72B60AB8A0095CF3B /* navigationcontroller */ = {
			isa = PBXGroup;
			children = (
				3FDB46B82B60AB8A0095CF3B /* AppDelegate.swift */,
				3FDB46BA2B60AB8A0095CF3B /* SceneDelegate.swift */,
				3FDB46BC2B60AB8A0095CF3B /* ViewController.swift */,
				3FDB46BE2B60AB8A0095CF3B /* Main.storyboard */,
				3F9FD6562B732EDD0031D227 /* TableViewCell.swift */,
				3F9FD6582B7332270031D227 /* DataModal.swift */,
				3F9FD6522B7324850031D227 /* ThirdViewController.swift */,
				3FDB46E82B60BBAC0095CF3B /* SecondViewController.swift */,
				3FDB46C12B60AB8B0095CF3B /* Assets.xcassets */,
				3FDB46C32B60AB8B0095CF3B /* LaunchScreen.storyboard */,
				3FDB46C62B60AB8B0095CF3B /* Info.plist */,
			);
			path = navigationcontroller;
			sourceTree = "<group>";
		};
		3FDB46CE2B60AB8B0095CF3B /* navigationcontrollerTests */ = {
			isa = PBXGroup;
			children = (
				3FDB46CF2B60AB8B0095CF3B /* navigationcontrollerTests.swift */,
			);
			path = navigationcontrollerTests;
			sourceTree = "<group>";
		};
		3FDB46D82B60AB8B0095CF3B /* navigationcontrollerUITests */ = {
			isa = PBXGroup;
			children = (
				3FDB46D92B60AB8B0095CF3B /* navigationcontrollerUITests.swift */,
				3FDB46DB2B60AB8B0095CF3B /* navigationcontrollerUITestsLaunchTests.swift */,
			);
			path = navigationcontrollerUITests;
			sourceTree = "<group>";
		};
/* End PBXGroup section */

/* Begin PBXNativeTarget section */
		3FDB46B42B60AB8A0095CF3B /* navigationcontroller */ = {
			isa = PBXNativeTarget;
			buildConfigurationList = 3FDB46DF2B60AB8B0095CF3B /* Build configuration list for PBXNativeTarget "navigationcontroller" */;
			buildPhases = (
				3FDB46B12B60AB8A0095CF3B /* Sources */,
				3FDB46B22B60AB8A0095CF3B /* Frameworks */,
				3FDB46B32B60AB8A0095CF3B /* Resources */,
			);
			buildRules = (
			);
			dependencies = (
			);
			name = navigationcontroller;
			productName = navigationcontroller;
			productReference = 3FDB46B52B60AB8A0095CF3B /* navigationcontroller.app */;
			productType = "com.apple.product-type.application";
		};
		3FDB46CA2B60AB8B0095CF3B /* navigationcontrollerTests */ = {
			isa = PBXNativeTarget;
			buildConfigurationList = 3FDB46E22B60AB8B0095CF3B /* Build configuration list for PBXNativeTarget "navigationcontrollerTests" */;
			buildPhases = (
				3FDB46C72B60AB8B0095CF3B /* Sources */,
				3FDB46C82B60AB8B0095CF3B /* Frameworks */,
				3FDB46C92B60AB8B0095CF3B /* Resources */,
			);
			buildRules = (
			);
			dependencies = (
				3FDB46CD2B60AB8B0095CF3B /* PBXTargetDependency */,
			);
			name = navigationcontrollerTests;
			productName = navigationcontrollerTests;
			productReference = 3FDB46CB2B60AB8B0095CF3B /* navigationcontrollerTests.xctest */;
			productType = "com.apple.product-type.bundle.unit-test";
		};
		3FDB46D42B60AB8B0095CF3B /* navigationcontrollerUITests */ = {
			isa = PBXNativeTarget;
			buildConfigurationList = 3FDB46E52B60AB8B0095CF3B /* Build configuration list for PBXNativeTarget "navigationcontrollerUITests" */;
			buildPhases = (
				3FDB46D12B60AB8B0095CF3B /* Sources */,
				3FDB46D22B60AB8B0095CF3B /* Frameworks */,
				3FDB46D32B60AB8B0095CF3B /* Resources */,
			);
			buildRules = (
			);
			dependencies = (
				3FDB46D72B60AB8B0095CF3B /* PBXTargetDependency */,
			);
			name = navigationcontrollerUITests;
			productName = navigationcontrollerUITests;
			productReference = 3FDB46D52B60AB8B0095CF3B /* navigationcontrollerUITests.xctest */;
			productType = "com.apple.product-type.bundle.ui-testing";
		};
/* End PBXNativeTarget section */

/* Begin PBXProject section */
		3FDB46AD2B60AB8A0095CF3B /* Project object */ = {
			isa = PBXProject;
			attributes = {
				BuildIndependentTargetsInParallel = 1;
				LastSwiftUpdateCheck = 1510;
				LastUpgradeCheck = 1510;
				TargetAttributes = {
					3FDB46B42B60AB8A0095CF3B = {
						CreatedOnToolsVersion = 15.1;
					};
					3FDB46CA2B60AB8B0095CF3B = {
						CreatedOnToolsVersion = 15.1;
						TestTargetID = 3FDB46B42B60AB8A0095CF3B;
					};
					3FDB46D42B60AB8B0095CF3B = {
						CreatedOnToolsVersion = 15.1;
						TestTargetID = 3FDB46B42B60AB8A0095CF3B;
					};
				};
			};
			buildConfigurationList = 3FDB46B02B60AB8A0095CF3B /* Build configuration list for PBXProject "navigationcontroller" */;
			compatibilityVersion = "Xcode 14.0";
			developmentRegion = en;
			hasScannedForEncodings = 0;
			knownRegions = (
				en,
				Base,
			);
			mainGroup = 3FDB46AC2B60AB8A0095CF3B;
			productRefGroup = 3FDB46B62B60AB8A0095CF3B /* Products */;
			projectDirPath = "";
			projectRoot = "";
			targets = (
				3FDB46B42B60AB8A0095CF3B /* navigationcontroller */,
				3FDB46CA2B60AB8B0095CF3B /* navigationcontrollerTests */,
				3FDB46D42B60AB8B0095CF3B /* navigationcontrollerUITests */,
			);
		};
/* End PBXProject section */

/* Begin PBXResourcesBuildPhase section */
		3FDB46B32B60AB8A0095CF3B /* Resources */ = {
			isa = PBXResourcesBuildPhase;
			buildActionMask = 2147483647;
			files = (
				3FDB46C52B60AB8B0095CF3B /* LaunchScreen.storyboard in Resources */,
				3FDB46C22B60AB8B0095CF3B /* Assets.xcassets in Resources */,
				3FDB46C02B60AB8A0095CF3B /* Main.storyboard in Resources */,
			);
			runOnlyForDeploymentPostprocessing = 0;
		};
		3FDB46C92B60AB8B0095CF3B /* Resources */ = {
			isa = PBXResourcesBuildPhase;
			buildActionMask = 2147483647;
			files = (
			);
			runOnlyForDeploymentPostprocessing = 0;
		};
		3FDB46D32B60AB8B0095CF3B /* Resources */ = {
			isa = PBXResourcesBuildPhase;
			buildActionMask = 2147483647;
			files = (
			);
			runOnlyForDeploymentPostprocessing = 0;
		};
/* End PBXResourcesBuildPhase section */

/* Begin PBXSourcesBuildPhase section */
		3FDB46B12B60AB8A0095CF3B /* Sources */ = {
			isa = PBXSourcesBuildPhase;
			buildActionMask = 2147483647;
			files = (
				3F9FD6592B7332270031D227 /* DataModal.swift in Sources */,
				3FDB46E92B60BBAC0095CF3B /* SecondViewController.swift in Sources */,
				3FDB46BD2B60AB8A0095CF3B /* ViewController.swift in Sources */,
				3FDB46B92B60AB8A0095CF3B /* AppDelegate.swift in Sources */,
				3F9FD6572B732EDD0031D227 /* TableViewCell.swift in Sources */,
				3F9FD6532B7324850031D227 /* ThirdViewController.swift in Sources */,
				3FDB46BB2B60AB8A0095CF3B /* SceneDelegate.swift in Sources */,
				3F7FB9542B73526C004A8150 /* DetailViewController.swift in Sources */,
			);
			runOnlyForDeploymentPostprocessing = 0;
		};
		3FDB46C72B60AB8B0095CF3B /* Sources */ = {
			isa = PBXSourcesBuildPhase;
			buildActionMask = 2147483647;
			files = (
				3FDB46D02B60AB8B0095CF3B /* navigationcontrollerTests.swift in Sources */,
			);
			runOnlyForDeploymentPostprocessing = 0;
		};
		3FDB46D12B60AB8B0095CF3B /* Sources */ = {
			isa = PBXSourcesBuildPhase;
			buildActionMask = 2147483647;
			files = (
				3FDB46DC2B60AB8B0095CF3B /* navigationcontrollerUITestsLaunchTests.swift in Sources */,
				3FDB46DA2B60AB8B0095CF3B /* navigationcontrollerUITests.swift in Sources */,
			);
			runOnlyForDeploymentPostprocessing = 0;
		};
/* End PBXSourcesBuildPhase section */

/* Begin PBXTargetDependency section */
		3FDB46CD2B60AB8B0095CF3B /* PBXTargetDependency */ = {
			isa = PBXTargetDependency;
			target = 3FDB46B42B60AB8A0095CF3B /* navigationcontroller */;
			targetProxy = 3FDB46CC2B60AB8B0095CF3B /* PBXContainerItemProxy */;
		};
		3FDB46D72B60AB8B0095CF3B /* PBXTargetDependency */ = {
			isa = PBXTargetDependency;
			target = 3FDB46B42B60AB8A0095CF3B /* navigationcontroller */;
			targetProxy = 3FDB46D62B60AB8B0095CF3B /* PBXContainerItemProxy */;
		};
/* End PBXTargetDependency section */

/* Begin PBXVariantGroup section */
		3FDB46BE2B60AB8A0095CF3B /* Main.storyboard */ = {
			isa = PBXVariantGroup;
			children = (
				3FDB46BF2B60AB8A0095CF3B /* Base */,
			);
			name = Main.storyboard;
			sourceTree = "<group>";
		};
		3FDB46C32B60AB8B0095CF3B /* LaunchScreen.storyboard */ = {
			isa = PBXVariantGroup;
			children = (
				3FDB46C42B60AB8B0095CF3B /* Base */,
			);
			name = LaunchScreen.storyboard;
			sourceTree = "<group>";
		};
/* End PBXVariantGroup section */

/* Begin XCBuildConfiguration section */
		3FDB46DD2B60AB8B0095CF3B /* Debug */ = {
			isa = XCBuildConfiguration;
			buildSettings = {
				ALWAYS_SEARCH_USER_PATHS = NO;
				ASSETCATALOG_COMPILER_GENERATE_SWIFT_ASSET_SYMBOL_EXTENSIONS = YES;
				CLANG_ANALYZER_NONNULL = YES;
				CLANG_ANALYZER_NUMBER_OBJECT_CONVERSION = YES_AGGRESSIVE;
				CLANG_CXX_LANGUAGE_STANDARD = "gnu++20";
				CLANG_ENABLE_MODULES = YES;
				CLANG_ENABLE_OBJC_ARC = YES;
				CLANG_ENABLE_OBJC_WEAK = YES;
				CLANG_WARN_BLOCK_CAPTURE_AUTORELEASING = YES;
				CLANG_WARN_BOOL_CONVERSION = YES;
				CLANG_WARN_COMMA = YES;
				CLANG_WARN_CONSTANT_CONVERSION = YES;
				CLANG_WARN_DEPRECATED_OBJC_IMPLEMENTATIONS = YES;
				CLANG_WARN_DIRECT_OBJC_ISA_USAGE = YES_ERROR;
				CLANG_WARN_DOCUMENTATION_COMMENTS = YES;
				CLANG_WARN_EMPTY_BODY = YES;
				CLANG_WARN_ENUM_CONVERSION = YES;
				CLANG_WARN_INFINITE_RECURSION = YES;
				CLANG_WARN_INT_CONVERSION = YES;
				CLANG_WARN_NON_LITERAL_NULL_CONVERSION = YES;
				CLANG_WARN_OBJC_IMPLICIT_RETAIN_SELF = YES;
				CLANG_WARN_OBJC_LITERAL_CONVERSION = YES;
				CLANG_WARN_OBJC_ROOT_CLASS = YES_ERROR;
				CLANG_WARN_QUOTED_INCLUDE_IN_FRAMEWORK_HEADER = YES;
				CLANG_WARN_RANGE_LOOP_ANALYSIS = YES;
				CLANG_WARN_STRICT_PROTOTYPES = YES;
				CLANG_WARN_SUSPICIOUS_MOVE = YES;
				CLANG_WARN_UNGUARDED_AVAILABILITY = YES_AGGRESSIVE;
				CLANG_WARN_UNREACHABLE_CODE = YES;
				CLANG_WARN__DUPLICATE_METHOD_MATCH = YES;
				COPY_PHASE_STRIP = NO;
				DEBUG_INFORMATION_FORMAT = dwarf;
				ENABLE_STRICT_OBJC_MSGSEND = YES;
				ENABLE_TESTABILITY = YES;
				ENABLE_USER_SCRIPT_SANDBOXING = YES;
				GCC_C_LANGUAGE_STANDARD = gnu17;
				GCC_DYNAMIC_NO_PIC = NO;
				GCC_NO_COMMON_BLOCKS = YES;
				GCC_OPTIMIZATION_LEVEL = 0;
				GCC_PREPROCESSOR_DEFINITIONS = (
					"DEBUG=1",
					"$(inherited)",
				);
				GCC_WARN_64_TO_32_BIT_CONVERSION = YES;
				GCC_WARN_ABOUT_RETURN_TYPE = YES_ERROR;
				GCC_WARN_UNDECLARED_SELECTOR = YES;
				GCC_WARN_UNINITIALIZED_AUTOS = YES_AGGRESSIVE;
				GCC_WARN_UNUSED_FUNCTION = YES;
				GCC_WARN_UNUSED_VARIABLE = YES;
				IPHONEOS_DEPLOYMENT_TARGET = 17.2;
				LOCALIZATION_PREFERS_STRING_CATALOGS = YES;
				MTL_ENABLE_DEBUG_INFO = INCLUDE_SOURCE;
				MTL_FAST_MATH = YES;
				ONLY_ACTIVE_ARCH = YES;
				SDKROOT = iphoneos;
				SWIFT_ACTIVE_COMPILATION_CONDITIONS = "DEBUG $(inherited)";
				SWIFT_OPTIMIZATION_LEVEL = "-Onone";
			};
			name = Debug;
		};
		3FDB46DE2B60AB8B0095CF3B /* Release */ = {
			isa = XCBuildConfiguration;
			buildSettings = {
				ALWAYS_SEARCH_USER_PATHS = NO;
				ASSETCATALOG_COMPILER_GENERATE_SWIFT_ASSET_SYMBOL_EXTENSIONS = YES;
				CLANG_ANALYZER_NONNULL = YES;
				CLANG_ANALYZER_NUMBER_OBJECT_CONVERSION = YES_AGGRESSIVE;
				CLANG_CXX_LANGUAGE_STANDARD = "gnu++20";
				CLANG_ENABLE_MODULES = YES;
				CLANG_ENABLE_OBJC_ARC = YES;
				CLANG_ENABLE_OBJC_WEAK = YES;
				CLANG_WARN_BLOCK_CAPTURE_AUTORELEASING = YES;
				CLANG_WARN_BOOL_CONVERSION = YES;
				CLANG_WARN_COMMA = YES;
				CLANG_WARN_CONSTANT_CONVERSION = YES;
				CLANG_WARN_DEPRECATED_OBJC_IMPLEMENTATIONS = YES;
				CLANG_WARN_DIRECT_OBJC_ISA_USAGE = YES_ERROR;
				CLANG_WARN_DOCUMENTATION_COMMENTS = YES;
				CLANG_WARN_EMPTY_BODY = YES;
				CLANG_WARN_ENUM_CONVERSION = YES;
				CLANG_WARN_INFINITE_RECURSION = YES;
				CLANG_WARN_INT_CONVERSION = YES;
				CLANG_WARN_NON_LITERAL_NULL_CONVERSION = YES;
				CLANG_WARN_OBJC_IMPLICIT_RETAIN_SELF = YES;
				CLANG_WARN_OBJC_LITERAL_CONVERSION = YES;
				CLANG_WARN_OBJC_ROOT_CLASS = YES_ERROR;
				CLANG_WARN_QUOTED_INCLUDE_IN_FRAMEWORK_HEADER = YES;
				CLANG_WARN_RANGE_LOOP_ANALYSIS = YES;
				CLANG_WARN_STRICT_PROTOTYPES = YES;
				CLANG_WARN_SUSPICIOUS_MOVE = YES;
				CLANG_WARN_UNGUARDED_AVAILABILITY = YES_AGGRESSIVE;
				CLANG_WARN_UNREACHABLE_CODE = YES;
				CLANG_WARN__DUPLICATE_METHOD_MATCH = YES;
				COPY_PHASE_STRIP = NO;
				DEBUG_INFORMATION_FORMAT = "dwarf-with-dsym";
				ENABLE_NS_ASSERTIONS = NO;
				ENABLE_STRICT_OBJC_MSGSEND = YES;
				ENABLE_USER_SCRIPT_SANDBOXING = YES;
				GCC_C_LANGUAGE_STANDARD = gnu17;
				GCC_NO_COMMON_BLOCKS = YES;
				GCC_WARN_64_TO_32_BIT_CONVERSION = YES;
				GCC_WARN_ABOUT_RETURN_TYPE = YES_ERROR;
				GCC_WARN_UNDECLARED_SELECTOR = YES;
				GCC_WARN_UNINITIALIZED_AUTOS = YES_AGGRESSIVE;
				GCC_WARN_UNUSED_FUNCTION = YES;
				GCC_WARN_UNUSED_VARIABLE = YES;
				IPHONEOS_DEPLOYMENT_TARGET = 17.2;
				LOCALIZATION_PREFERS_STRING_CATALOGS = YES;
				MTL_ENABLE_DEBUG_INFO = NO;
				MTL_FAST_MATH = YES;
				SDKROOT = iphoneos;
				SWIFT_COMPILATION_MODE = wholemodule;
				VALIDATE_PRODUCT = YES;
			};
			name = Release;
		};
		3FDB46E02B60AB8B0095CF3B /* Debug */ = {
			isa = XCBuildConfiguration;
			buildSettings = {
				ASSETCATALOG_COMPILER_APPICON_NAME = AppIcon;
				ASSETCATALOG_COMPILER_GLOBAL_ACCENT_COLOR_NAME = AccentColor;
				CODE_SIGN_STYLE = Automatic;
				CURRENT_PROJECT_VERSION = 1;
				GENERATE_INFOPLIST_FILE = YES;
				INFOPLIST_FILE = navigationcontroller/Info.plist;
				INFOPLIST_KEY_UIApplicationSupportsIndirectInputEvents = YES;
				INFOPLIST_KEY_UILaunchStoryboardName = LaunchScreen;
				INFOPLIST_KEY_UIMainStoryboardFile = Main;
				INFOPLIST_KEY_UISupportedInterfaceOrientations_iPad = "UIInterfaceOrientationPortrait UIInterfaceOrientationPortraitUpsideDown UIInterfaceOrientationLandscapeLeft UIInterfaceOrientationLandscapeRight";
				INFOPLIST_KEY_UISupportedInterfaceOrientations_iPhone = "UIInterfaceOrientationPortrait UIInterfaceOrientationLandscapeLeft UIInterfaceOrientationLandscapeRight";
				LD_RUNPATH_SEARCH_PATHS = (
					"$(inherited)",
					"@executable_path/Frameworks",
				);
				MARKETING_VERSION = 1.0;
				PRODUCT_BUNDLE_IDENTIFIER = com.example.navigationcontroller;
				PRODUCT_NAME = "$(TARGET_NAME)";
				SWIFT_EMIT_LOC_STRINGS = YES;
				SWIFT_VERSION = 5.0;
				TARGETED_DEVICE_FAMILY = "1,2";
			};
			name = Debug;
		};
		3FDB46E12B60AB8B0095CF3B /* Release */ = {
			isa = XCBuildConfiguration;
			buildSettings = {
				ASSETCATALOG_COMPILER_APPICON_NAME = AppIcon;
				ASSETCATALOG_COMPILER_GLOBAL_ACCENT_COLOR_NAME = AccentColor;
				CODE_SIGN_STYLE = Automatic;
				CURRENT_PROJECT_VERSION = 1;
				GENERATE_INFOPLIST_FILE = YES;
				INFOPLIST_FILE = navigationcontroller/Info.plist;
				INFOPLIST_KEY_UIApplicationSupportsIndirectInputEvents = YES;
				INFOPLIST_KEY_UILaunchStoryboardName = LaunchScreen;
				INFOPLIST_KEY_UIMainStoryboardFile = Main;
				INFOPLIST_KEY_UISupportedInterfaceOrientations_iPad = "UIInterfaceOrientationPortrait UIInterfaceOrientationPortraitUpsideDown UIInterfaceOrientationLandscapeLeft UIInterfaceOrientationLandscapeRight";
				INFOPLIST_KEY_UISupportedInterfaceOrientations_iPhone = "UIInterfaceOrientationPortrait UIInterfaceOrientationLandscapeLeft UIInterfaceOrientationLandscapeRight";
				LD_RUNPATH_SEARCH_PATHS = (
					"$(inherited)",
					"@executable_path/Frameworks",
				);
				MARKETING_VERSION = 1.0;
				PRODUCT_BUNDLE_IDENTIFIER = com.example.navigationcontroller;
				PRODUCT_NAME = "$(TARGET_NAME)";
				SWIFT_EMIT_LOC_STRINGS = YES;
				SWIFT_VERSION = 5.0;
				TARGETED_DEVICE_FAMILY = "1,2";
			};
			name = Release;
		};
		3FDB46E32B60AB8B0095CF3B /* Debug */ = {
			isa = XCBuildConfiguration;
			buildSettings = {
				ALWAYS_EMBED_SWIFT_STANDARD_LIBRARIES = YES;
				BUNDLE_LOADER = "$(TEST_HOST)";
				CODE_SIGN_STYLE = Automatic;
				CURRENT_PROJECT_VERSION = 1;
				GENERATE_INFOPLIST_FILE = YES;
				IPHONEOS_DEPLOYMENT_TARGET = 17.2;
				MARKETING_VERSION = 1.0;
				PRODUCT_BUNDLE_IDENTIFIER = com.example.navigationcontrollerTests;
				PRODUCT_NAME = "$(TARGET_NAME)";
				SWIFT_EMIT_LOC_STRINGS = NO;
				SWIFT_VERSION = 5.0;
				TARGETED_DEVICE_FAMILY = "1,2";
				TEST_HOST = "$(BUILT_PRODUCTS_DIR)/navigationcontroller.app/$(BUNDLE_EXECUTABLE_FOLDER_PATH)/navigationcontroller";
			};
			name = Debug;
		};
		3FDB46E42B60AB8B0095CF3B /* Release */ = {
			isa = XCBuildConfiguration;
			buildSettings = {
				ALWAYS_EMBED_SWIFT_STANDARD_LIBRARIES = YES;
				BUNDLE_LOADER = "$(TEST_HOST)";
				CODE_SIGN_STYLE = Automatic;
				CURRENT_PROJECT_VERSION = 1;
				GENERATE_INFOPLIST_FILE = YES;
				IPHONEOS_DEPLOYMENT_TARGET = 17.2;
				MARKETING_VERSION = 1.0;
				PRODUCT_BUNDLE_IDENTIFIER = com.example.navigationcontrollerTests;
				PRODUCT_NAME = "$(TARGET_NAME)";
				SWIFT_EMIT_LOC_STRINGS = NO;
				SWIFT_VERSION = 5.0;
				TARGETED_DEVICE_FAMILY = "1,2";
				TEST_HOST = "$(BUILT_PRODUCTS_DIR)/navigationcontroller.app/$(BUNDLE_EXECUTABLE_FOLDER_PATH)/navigationcontroller";
			};
			name = Release;
		};
		3FDB46E62B60AB8B0095CF3B /* Debug */ = {
			isa = XCBuildConfiguration;
			buildSettings = {
				ALWAYS_EMBED_SWIFT_STANDARD_LIBRARIES = YES;
				CODE_SIGN_STYLE = Automatic;
				CURRENT_PROJECT_VERSION = 1;
				GENERATE_INFOPLIST_FILE = YES;
				MARKETING_VERSION = 1.0;
				PRODUCT_BUNDLE_IDENTIFIER = com.example.navigationcontrollerUITests;
				PRODUCT_NAME = "$(TARGET_NAME)";
				SWIFT_EMIT_LOC_STRINGS = NO;
				SWIFT_VERSION = 5.0;
				TARGETED_DEVICE_FAMILY = "1,2";
				TEST_TARGET_NAME = navigationcontroller;
			};
			name = Debug;
		};
		3FDB46E72B60AB8B0095CF3B /* Release */ = {
			isa = XCBuildConfiguration;
			buildSettings = {
				ALWAYS_EMBED_SWIFT_STANDARD_LIBRARIES = YES;
				CODE_SIGN_STYLE = Automatic;
				CURRENT_PROJECT_VERSION = 1;
				GENERATE_INFOPLIST_FILE = YES;
				MARKETING_VERSION = 1.0;
				PRODUCT_BUNDLE_IDENTIFIER = com.example.navigationcontrollerUITests;
				PRODUCT_NAME = "$(TARGET_NAME)";
				SWIFT_EMIT_LOC_STRINGS = NO;
				SWIFT_VERSION = 5.0;
				TARGETED_DEVICE_FAMILY = "1,2";
				TEST_TARGET_NAME = navigationcontroller;
			};
			name = Release;
		};
/* End XCBuildConfiguration section */

/* Begin XCConfigurationList section */
		3FDB46B02B60AB8A0095CF3B /* Build configuration list for PBXProject "navigationcontroller" */ = {
			isa = XCConfigurationList;
			buildConfigurations = (
				3FDB46DD2B60AB8B0095CF3B /* Debug */,
				3FDB46DE2B60AB8B0095CF3B /* Release */,
			);
			defaultConfigurationIsVisible = 0;
			defaultConfigurationName = Release;
		};
		3FDB46DF2B60AB8B0095CF3B /* Build configuration list for PBXNativeTarget "navigationcontroller" */ = {
			isa = XCConfigurationList;
			buildConfigurations = (
				3FDB46E02B60AB8B0095CF3B /* Debug */,
				3FDB46E12B60AB8B0095CF3B /* Release */,
			);
			defaultConfigurationIsVisible = 0;
			defaultConfigurationName = Release;
		};
		3FDB46E22B60AB8B0095CF3B /* Build configuration list for PBXNativeTarget "navigationcontrollerTests" */ = {
			isa = XCConfigurationList;
			buildConfigurations = (
				3FDB46E32B60AB8B0095CF3B /* Debug */,
				3FDB46E42B60AB8B0095CF3B /* Release */,
			);
			defaultConfigurationIsVisible = 0;
			defaultConfigurationName = Release;
		};
		3FDB46E52B60AB8B0095CF3B /* Build configuration list for PBXNativeTarget "navigationcontrollerUITests" */ = {
			isa = XCConfigurationList;
			buildConfigurations = (
				3FDB46E62B60AB8B0095CF3B /* Debug */,
				3FDB46E72B60AB8B0095CF3B /* Release */,
			);
			defaultConfigurationIsVisible = 0;
			defaultConfigurationName = Release;
		};
/* End XCConfigurationList section */
	};
	rootObject = 3FDB46AD2B60AB8A0095CF3B /* Project object */;
}
